// !$*UTF8*$!
{
	archiveVersion = 1;
	classes = {
	};
	objectVersion = 50;
	objects = {

/* Begin PBXBuildFile section */
		FA0942962DDB71490079ADD4 /* Localizable.strings in Resources */ = {isa = PBXBuildFile; fileRef = FA0942982DDB71490079ADD4 /* Localizable.strings */; };
		FA0B20E92DDB6F2300CCB841 /* AppDelegate.swift in Sources */ = {isa = PBXBuildFile; fileRef = FA0B20E82DDB6F2300CCB841 /* AppDelegate.swift */; };
		FA0B20EB2DDB6F2300CCB841 /* ViewController.swift in Sources */ = {isa = PBXBuildFile; fileRef = FA0B20EA2DDB6F2300CCB841 /* ViewController.swift */; };
		FA0B20EE2DDB6F2300CCB841 /* Main.storyboard in Resources */ = {isa = PBXBuildFile; fileRef = FA0B20EC2DDB6F2300CCB841 /* Main.storyboard */; };
		FA0B20F02DDB6F2300CCB841 /* Assets.xcassets in Resources */ = {isa = PBXBuildFile; fileRef = FA0B20EF2DDB6F2300CCB841 /* Assets.xcassets */; };
		FA0B20F32DDB6F2400CCB841 /* LaunchScreen.storyboard in Resources */ = {isa = PBXBuildFile; fileRef = FA0B20F12DDB6F2400CCB841 /* LaunchScreen.storyboard */; };
		FA0B20FB2DDB6F5C00CCB841 /* Writer.swift in Sources */ = {isa = PBXBuildFile; fileRef = FA0B20FA2DDB6F5C00CCB841 /* Writer.swift */; };
		FA0B20FD2DDB6F8F00CCB841 /* PlistManager.swift in Sources */ = {isa = PBXBuildFile; fileRef = FA0B20FC2DDB6F8F00CCB841 /* PlistManager.swift */; };
		FA0B20FF2DDB6FA000CCB841 /* AuthManager.swift in Sources */ = {isa = PBXBuildFile; fileRef = FA0B20FE2DDB6FA000CCB841 /* AuthManager.swift */; };
		FA0B21012DDB6FD300CCB841 /* WriterCollectionViewCell.swift in Sources */ = {isa = PBXBuildFile; fileRef = FA0B21002DDB6FD300CCB841 /* WriterCollectionViewCell.swift */; };
		FA0B21032DDB6FE800CCB841 /* DetailView.swift in Sources */ = {isa = PBXBuildFile; fileRef = FA0B21022DDB6FE800CCB841 /* DetailView.swift */; };
		FA0B21052DDB701000CCB841 /* LoginViewController.swift in Sources */ = {isa = PBXBuildFile; fileRef = FA0B21042DDB701000CCB841 /* LoginViewController.swift */; };
		FA0B21072DDB702B00CCB841 /* MainViewController.swift in Sources */ = {isa = PBXBuildFile; fileRef = FA0B21062DDB702B00CCB841 /* MainViewController.swift */; };
		FA0B21092DDB704300CCB841 /* DetailViewController.swift in Sources */ = {isa = PBXBuildFile; fileRef = FA0B21082DDB704300CCB841 /* DetailViewController.swift */; };
		FA0B210B2DDB706000CCB841 /* Writers.plist in Resources */ = {isa = PBXBuildFile; fileRef = FA0B210A2DDB706000CCB841 /* Writers.plist */; };
		FA0B21102DDB70C900CCB841 /* Localizable.strings in Resources */ = {isa = PBXBuildFile; fileRef = FA0B210E2DDB70C900CCB841 /* Localizable.strings */; };
		FA55A7C92DDBE3A30013B3F5 /* WriterTests.swift in Sources */ = {isa = PBXBuildFile; fileRef = FA55A7C82DDBE3A30013B3F5 /* WriterTests.swift */; };
		FA55A7CF2DDBE4D10013B3F5 /* PlistManagerTests.swift in Sources */ = {isa = PBXBuildFile; fileRef = FA55A7CE2DDBE4D10013B3F5 /* PlistManagerTests.swift */; };
		FA55A7D12DDBE4F00013B3F5 /* AuthManagerTests.swift in Sources */ = {isa = PBXBuildFile; fileRef = FA55A7D02DDBE4F00013B3F5 /* AuthManagerTests.swift */; };
		FA55A7D32DDBE5190013B3F5 /* LocalizationTests.swift in Sources */ = {isa = PBXBuildFile; fileRef = FA55A7D22DDBE5190013B3F5 /* LocalizationTests.swift */; };
		FA55A7D52DDBE79B0013B3F5 /* WriterListUITests.swift in Sources */ = {isa = PBXBuildFile; fileRef = FA55A7D42DDBE79B0013B3F5 /* WriterListUITests.swift */; };
		FA55A7D72DDBE7DD0013B3F5 /* LoginUITests.swift in Sources */ = {isa = PBXBuildFile; fileRef = FA55A7D62DDBE7DD0013B3F5 /* LoginUITests.swift */; };
		FA55A7D92DDBE8000013B3F5 /* DetailViewUITests.swift in Sources */ = {isa = PBXBuildFile; fileRef = FA55A7D82DDBE8000013B3F5 /* DetailViewUITests.swift */; };
/* End PBXBuildFile section */

/* Begin PBXFileReference section */
		FA0942972DDB71490079ADD4 /* en */ = {isa = PBXFileReference; lastKnownFileType = text.plist.strings; name = en; path = en.lproj/Localizable.strings; sourceTree = "<group>"; };
		FA09429A2DDB73470079ADD4 /* en */ = {isa = PBXFileReference; lastKnownFileType = text.plist.strings; name = en; path = en.lproj/Main.strings; sourceTree = "<group>"; };
		FA09429C2DDB734B0079ADD4 /* ru */ = {isa = PBXFileReference; lastKnownFileType = text.plist.strings; name = ru; path = ru.lproj/Main.strings; sourceTree = "<group>"; };
		FA0B20E52DDB6F2300CCB841 /* BelarusianWritersApp.app */ = {isa = PBXFileReference; explicitFileType = wrapper.application; includeInIndex = 0; path = BelarusianWritersApp.app; sourceTree = BUILT_PRODUCTS_DIR; };
		FA0B20E82DDB6F2300CCB841 /* AppDelegate.swift */ = {isa = PBXFileReference; lastKnownFileType = sourcecode.swift; path = AppDelegate.swift; sourceTree = "<group>"; };
		FA0B20EA2DDB6F2300CCB841 /* ViewController.swift */ = {isa = PBXFileReference; lastKnownFileType = sourcecode.swift; path = ViewController.swift; sourceTree = "<group>"; };
		FA0B20ED2DDB6F2300CCB841 /* Base */ = {isa = PBXFileReference; lastKnownFileType = file.storyboard; name = Base; path = Base.lproj/Main.storyboard; sourceTree = "<group>"; };
		FA0B20EF2DDB6F2300CCB841 /* Assets.xcassets */ = {isa = PBXFileReference; lastKnownFileType = folder.assetcatalog; path = Assets.xcassets; sourceTree = "<group>"; };
		FA0B20F22DDB6F2400CCB841 /* Base */ = {isa = PBXFileReference; lastKnownFileType = file.storyboard; name = Base; path = Base.lproj/LaunchScreen.storyboard; sourceTree = "<group>"; };
		FA0B20F42DDB6F2400CCB841 /* Info.plist */ = {isa = PBXFileReference; lastKnownFileType = text.plist.xml; path = Info.plist; sourceTree = "<group>"; };
		FA0B20FA2DDB6F5C00CCB841 /* Writer.swift */ = {isa = PBXFileReference; lastKnownFileType = sourcecode.swift; name = Writer.swift; path = Model/Writer.swift; sourceTree = "<group>"; };
		FA0B20FC2DDB6F8F00CCB841 /* PlistManager.swift */ = {isa = PBXFileReference; lastKnownFileType = sourcecode.swift; name = PlistManager.swift; path = Model/PlistManager.swift; sourceTree = "<group>"; };
		FA0B20FE2DDB6FA000CCB841 /* AuthManager.swift */ = {isa = PBXFileReference; lastKnownFileType = sourcecode.swift; name = AuthManager.swift; path = Model/AuthManager.swift; sourceTree = "<group>"; };
		FA0B21002DDB6FD300CCB841 /* WriterCollectionViewCell.swift */ = {isa = PBXFileReference; lastKnownFileType = sourcecode.swift; name = WriterCollectionViewCell.swift; path = View/WriterCollectionViewCell.swift; sourceTree = "<group>"; };
		FA0B21022DDB6FE800CCB841 /* DetailView.swift */ = {isa = PBXFileReference; lastKnownFileType = sourcecode.swift; name = DetailView.swift; path = View/DetailView.swift; sourceTree = "<group>"; };
		FA0B21042DDB701000CCB841 /* LoginViewController.swift */ = {isa = PBXFileReference; lastKnownFileType = sourcecode.swift; name = LoginViewController.swift; path = Controller/LoginViewController.swift; sourceTree = "<group>"; };
		FA0B21062DDB702B00CCB841 /* MainViewController.swift */ = {isa = PBXFileReference; lastKnownFileType = sourcecode.swift; name = MainViewController.swift; path = Controller/MainViewController.swift; sourceTree = "<group>"; };
		FA0B21082DDB704300CCB841 /* DetailViewController.swift */ = {isa = PBXFileReference; lastKnownFileType = sourcecode.swift; name = DetailViewController.swift; path = Controller/DetailViewController.swift; sourceTree = "<group>"; };
		FA0B210A2DDB706000CCB841 /* Writers.plist */ = {isa = PBXFileReference; lastKnownFileType = text.plist.xml; name = Writers.plist; path = Assets/Writers.plist; sourceTree = "<group>"; };
		FA0B210F2DDB70C900CCB841 /* ru */ = {isa = PBXFileReference; lastKnownFileType = text.plist.strings; name = ru; path = Localizable/ru.lproj/Localizable.strings; sourceTree = "<group>"; };
		FA55A7C82DDBE3A30013B3F5 /* WriterTests.swift */ = {isa = PBXFileReference; lastKnownFileType = sourcecode.swift; name = WriterTests.swift; path = Tests/WriterTests.swift; sourceTree = "<group>"; };
		FA55A7CD2DDBE41B0013B3F5 /* BelarusianWritersApp.entitlements */ = {isa = PBXFileReference; lastKnownFileType = text.plist.entitlements; path = BelarusianWritersApp.entitlements; sourceTree = "<group>"; };
		FA55A7CE2DDBE4D10013B3F5 /* PlistManagerTests.swift */ = {isa = PBXFileReference; lastKnownFileType = sourcecode.swift; name = PlistManagerTests.swift; path = Tests/PlistManagerTests.swift; sourceTree = "<group>"; };
		FA55A7D02DDBE4F00013B3F5 /* AuthManagerTests.swift */ = {isa = PBXFileReference; lastKnownFileType = sourcecode.swift; name = AuthManagerTests.swift; path = Tests/AuthManagerTests.swift; sourceTree = "<group>"; };
		FA55A7D22DDBE5190013B3F5 /* LocalizationTests.swift */ = {isa = PBXFileReference; lastKnownFileType = sourcecode.swift; path = LocalizationTests.swift; sourceTree = "<group>"; };
		FA55A7D42DDBE79B0013B3F5 /* WriterListUITests.swift */ = {isa = PBXFileReference; lastKnownFileType = sourcecode.swift; name = WriterListUITests.swift; path = UITests/WriterListUITests.swift; sourceTree = "<group>"; };
		FA55A7D62DDBE7DD0013B3F5 /* LoginUITests.swift */ = {isa = PBXFileReference; lastKnownFileType = sourcecode.swift; name = LoginUITests.swift; path = UITests/LoginUITests.swift; sourceTree = "<group>"; };
		FA55A7D82DDBE8000013B3F5 /* DetailViewUITests.swift */ = {isa = PBXFileReference; lastKnownFileType = sourcecode.swift; name = DetailViewUITests.swift; path = UITests/DetailViewUITests.swift; sourceTree = "<group>"; };
/* End PBXFileReference section */

/* Begin PBXFrameworksBuildPhase section */
		FA0B20E22DDB6F2300CCB841 /* Frameworks */ = {
			isa = PBXFrameworksBuildPhase;
			buildActionMask = 2147483647;
			files = (
			);
			runOnlyForDeploymentPostprocessing = 0;
		};
/* End PBXFrameworksBuildPhase section */

/* Begin PBXGroup section */
		FA0B20DC2DDB6F2300CCB841 = {
			isa = PBXGroup;
			children = (
				FA0B20E72DDB6F2300CCB841 /* BelarusianWritersApp */,
				FA0B20E62DDB6F2300CCB841 /* Products */,
				FA55A7CA2DDBE4120013B3F5 /* Frameworks */,
			);
			sourceTree = "<group>";
		};
		FA0B20E62DDB6F2300CCB841 /* Products */ = {
			isa = PBXGroup;
			children = (
				FA0B20E52DDB6F2300CCB841 /* BelarusianWritersApp.app */,
			);
			name = Products;
			sourceTree = "<group>";
		};
		FA0B20E72DDB6F2300CCB841 /* BelarusianWritersApp */ = {
			isa = PBXGroup;
			children = (
				FA55A7CD2DDBE41B0013B3F5 /* BelarusianWritersApp.entitlements */,
				FA0B20E82DDB6F2300CCB841 /* AppDelegate.swift */,
				FA0B20EA2DDB6F2300CCB841 /* ViewController.swift */,
				FA0B20EC2DDB6F2300CCB841 /* Main.storyboard */,
				FA0B20EF2DDB6F2300CCB841 /* Assets.xcassets */,
				FA0B20F12DDB6F2400CCB841 /* LaunchScreen.storyboard */,
				FA0B20F42DDB6F2400CCB841 /* Info.plist */,
				FA0B20FA2DDB6F5C00CCB841 /* Writer.swift */,
				FA0B20FC2DDB6F8F00CCB841 /* PlistManager.swift */,
				FA0B20FE2DDB6FA000CCB841 /* AuthManager.swift */,
				FA0B21002DDB6FD300CCB841 /* WriterCollectionViewCell.swift */,
				FA0B21022DDB6FE800CCB841 /* DetailView.swift */,
				FA0B21042DDB701000CCB841 /* LoginViewController.swift */,
				FA0B21062DDB702B00CCB841 /* MainViewController.swift */,
				FA0B21082DDB704300CCB841 /* DetailViewController.swift */,
				FA0B210A2DDB706000CCB841 /* Writers.plist */,
				FA0942982DDB71490079ADD4 /* Localizable.strings */,
				FA0B210E2DDB70C900CCB841 /* Localizable.strings */,
				FA55A7C82DDBE3A30013B3F5 /* WriterTests.swift */,
				FA55A7CE2DDBE4D10013B3F5 /* PlistManagerTests.swift */,
				FA55A7D02DDBE4F00013B3F5 /* AuthManagerTests.swift */,
				FA55A7D42DDBE79B0013B3F5 /* WriterListUITests.swift */,
				FA55A7D62DDBE7DD0013B3F5 /* LoginUITests.swift */,
				FA55A7D82DDBE8000013B3F5 /* DetailViewUITests.swift */,
				FA55A7D22DDBE5190013B3F5 /* LocalizationTests.swift */,
			);
			path = BelarusianWritersApp;
			sourceTree = "<group>";
		};
		FA55A7CA2DDBE4120013B3F5 /* Frameworks */ = {
			isa = PBXGroup;
			children = (
			);
			name = Frameworks;
			sourceTree = "<group>";
		};
/* End PBXGroup section */

/* Begin PBXNativeTarget section */
		FA0B20E42DDB6F2300CCB841 /* BelarusianWritersApp */ = {
			isa = PBXNativeTarget;
			buildConfigurationList = FA0B20F72DDB6F2400CCB841 /* Build configuration list for PBXNativeTarget "BelarusianWritersApp" */;
			buildPhases = (
				FA0B20E12DDB6F2300CCB841 /* Sources */,
				FA0B20E22DDB6F2300CCB841 /* Frameworks */,
				FA0B20E32DDB6F2300CCB841 /* Resources */,
			);
			buildRules = (
			);
			dependencies = (
			);
			name = BelarusianWritersApp;
			productName = BelarusianWritersApp;
			productReference = FA0B20E52DDB6F2300CCB841 /* BelarusianWritersApp.app */;
			productType = "com.apple.product-type.application";
		};
/* End PBXNativeTarget section */

/* Begin PBXProject section */
		FA0B20DD2DDB6F2300CCB841 /* Project object */ = {
			isa = PBXProject;
			attributes = {
				LastSwiftUpdateCheck = 0940;
				LastUpgradeCheck = 0940;
				ORGANIZATIONNAME = MacBook;
				TargetAttributes = {
					FA0B20E42DDB6F2300CCB841 = {
						CreatedOnToolsVersion = 9.4;
						SystemCapabilities = {
							com.apple.ApplicationGroups.iOS = {
								enabled = 0;
							};
							com.apple.BackgroundModes = {
								enabled = 0;
							};
							com.apple.ClassKit = {
								enabled = 0;
							};
							com.apple.Maps.iOS = {
								enabled = 0;
							};
						};
					};
				};
			};
			buildConfigurationList = FA0B20E02DDB6F2300CCB841 /* Build configuration list for PBXProject "BelarusianWritersApp" */;
			compatibilityVersion = "Xcode 9.3";
			developmentRegion = en;
			hasScannedForEncodings = 0;
			knownRegions = (
				en,
				Base,
				ru,
			);
			mainGroup = FA0B20DC2DDB6F2300CCB841;
			productRefGroup = FA0B20E62DDB6F2300CCB841 /* Products */;
			projectDirPath = "";
			projectRoot = "";
			targets = (
				FA0B20E42DDB6F2300CCB841 /* BelarusianWritersApp */,
			);
		};
/* End PBXProject section */

/* Begin PBXResourcesBuildPhase section */
		FA0B20E32DDB6F2300CCB841 /* Resources */ = {
			isa = PBXResourcesBuildPhase;
			buildActionMask = 2147483647;
			files = (
				FA0942962DDB71490079ADD4 /* Localizable.strings in Resources */,
				FA0B21102DDB70C900CCB841 /* Localizable.strings in Resources */,
				FA0B20F32DDB6F2400CCB841 /* LaunchScreen.storyboard in Resources */,
				FA0B20F02DDB6F2300CCB841 /* Assets.xcassets in Resources */,
				FA0B20EE2DDB6F2300CCB841 /* Main.storyboard in Resources */,
				FA0B210B2DDB706000CCB841 /* Writers.plist in Resources */,
			);
			runOnlyForDeploymentPostprocessing = 0;
		};
/* End PBXResourcesBuildPhase section */

/* Begin PBXSourcesBuildPhase section */
		FA0B20E12DDB6F2300CCB841 /* Sources */ = {
			isa = PBXSourcesBuildPhase;
			buildActionMask = 2147483647;
			files = (
				FA0B20FD2DDB6F8F00CCB841 /* PlistManager.swift in Sources */,
				FA0B20FB2DDB6F5C00CCB841 /* Writer.swift in Sources */,
				FA0B20EB2DDB6F2300CCB841 /* ViewController.swift in Sources */,
				FA0B21032DDB6FE800CCB841 /* DetailView.swift in Sources */,
				FA55A7D52DDBE79B0013B3F5 /* WriterListUITests.swift in Sources */,
				FA55A7CF2DDBE4D10013B3F5 /* PlistManagerTests.swift in Sources */,
				FA0B21052DDB701000CCB841 /* LoginViewController.swift in Sources */,
				FA55A7D72DDBE7DD0013B3F5 /* LoginUITests.swift in Sources */,
				FA55A7D32DDBE5190013B3F5 /* LocalizationTests.swift in Sources */,
				FA55A7C92DDBE3A30013B3F5 /* WriterTests.swift in Sources */,
				FA0B20E92DDB6F2300CCB841 /* AppDelegate.swift in Sources */,
				FA0B21072DDB702B00CCB841 /* MainViewController.swift in Sources */,
				FA0B21092DDB704300CCB841 /* DetailViewController.swift in Sources */,
				FA0B20FF2DDB6FA000CCB841 /* AuthManager.swift in Sources */,
				FA55A7D92DDBE8000013B3F5 /* DetailViewUITests.swift in Sources */,
				FA55A7D12DDBE4F00013B3F5 /* AuthManagerTests.swift in Sources */,
				FA0B21012DDB6FD300CCB841 /* WriterCollectionViewCell.swift in Sources */,
			);
			runOnlyForDeploymentPostprocessing = 0;
		};
/* End PBXSourcesBuildPhase section */

/* Begin PBXVariantGroup section */
		FA0942982DDB71490079ADD4 /* Localizable.strings */ = {
			isa = PBXVariantGroup;
			children = (
				FA0942972DDB71490079ADD4 /* en */,
			);
			name = Localizable.strings;
			path = Localizable/en.lroj;
			sourceTree = "<group>";
		};
		FA0B20EC2DDB6F2300CCB841 /* Main.storyboard */ = {
			isa = PBXVariantGroup;
			children = (
				FA0B20ED2DDB6F2300CCB841 /* Base */,
				FA09429A2DDB73470079ADD4 /* en */,
				FA09429C2DDB734B0079ADD4 /* ru */,
			);
			name = Main.storyboard;
			sourceTree = "<group>";
		};
		FA0B20F12DDB6F2400CCB841 /* LaunchScreen.storyboard */ = {
			isa = PBXVariantGroup;
			children = (
				FA0B20F22DDB6F2400CCB841 /* Base */,
			);
			name = LaunchScreen.storyboard;
			sourceTree = "<group>";
		};
		FA0B210E2DDB70C900CCB841 /* Localizable.strings */ = {
			isa = PBXVariantGroup;
			children = (
				FA0B210F2DDB70C900CCB841 /* ru */,
			);
			name = Localizable.strings;
			sourceTree = "<group>";
		};
/* End PBXVariantGroup section */

/* Begin XCBuildConfiguration section */
		FA0B20F52DDB6F2400CCB841 /* Debug */ = {
			isa = XCBuildConfiguration;
			buildSettings = {
				ALWAYS_SEARCH_USER_PATHS = NO;
				CLANG_ANALYZER_NONNULL = YES;
				CLANG_ANALYZER_NUMBER_OBJECT_CONVERSION = YES_AGGRESSIVE;
				CLANG_CXX_LANGUAGE_STANDARD = "gnu++14";
				CLANG_CXX_LIBRARY = "libc++";
				CLANG_ENABLE_MODULES = YES;
				CLANG_ENABLE_OBJC_ARC = YES;
				CLANG_ENABLE_OBJC_WEAK = YES;
				CLANG_WARN_BLOCK_CAPTURE_AUTORELEASING = YES;
				CLANG_WARN_BOOL_CONVERSION = YES;
				CLANG_WARN_COMMA = YES;
				CLANG_WARN_CONSTANT_CONVERSION = YES;
				CLANG_WARN_DEPRECATED_OBJC_IMPLEMENTATIONS = YES;
				CLANG_WARN_DIRECT_OBJC_ISA_USAGE = YES_ERROR;
				CLANG_WARN_DOCUMENTATION_COMMENTS = YES;
				CLANG_WARN_EMPTY_BODY = YES;
				CLANG_WARN_ENUM_CONVERSION = YES;
				CLANG_WARN_INFINITE_RECURSION = YES;
				CLANG_WARN_INT_CONVERSION = YES;
				CLANG_WARN_NON_LITERAL_NULL_CONVERSION = YES;
				CLANG_WARN_OBJC_IMPLICIT_RETAIN_SELF = YES;
				CLANG_WARN_OBJC_LITERAL_CONVERSION = YES;
				CLANG_WARN_OBJC_ROOT_CLASS = YES_ERROR;
				CLANG_WARN_RANGE_LOOP_ANALYSIS = YES;
				CLANG_WARN_STRICT_PROTOTYPES = YES;
				CLANG_WARN_SUSPICIOUS_MOVE = YES;
				CLANG_WARN_UNGUARDED_AVAILABILITY = YES_AGGRESSIVE;
				CLANG_WARN_UNREACHABLE_CODE = YES;
				CLANG_WARN__DUPLICATE_METHOD_MATCH = YES;
				CODE_SIGN_IDENTITY = "iPhone Developer";
				COPY_PHASE_STRIP = NO;
				DEBUG_INFORMATION_FORMAT = dwarf;
				ENABLE_STRICT_OBJC_MSGSEND = YES;
				ENABLE_TESTABILITY = YES;
				GCC_C_LANGUAGE_STANDARD = gnu11;
				GCC_DYNAMIC_NO_PIC = NO;
				GCC_NO_COMMON_BLOCKS = YES;
				GCC_OPTIMIZATION_LEVEL = 0;
				GCC_PREPROCESSOR_DEFINITIONS = (
					"DEBUG=1",
					"$(inherited)",
				);
				GCC_WARN_64_TO_32_BIT_CONVERSION = YES;
				GCC_WARN_ABOUT_RETURN_TYPE = YES_ERROR;
				GCC_WARN_UNDECLARED_SELECTOR = YES;
				GCC_WARN_UNINITIALIZED_AUTOS = YES_AGGRESSIVE;
				GCC_WARN_UNUSED_FUNCTION = YES;
				GCC_WARN_UNUSED_VARIABLE = YES;
				IPHONEOS_DEPLOYMENT_TARGET = 11.4;
				MTL_ENABLE_DEBUG_INFO = YES;
				ONLY_ACTIVE_ARCH = YES;
				SDKROOT = iphoneos;
				SWIFT_ACTIVE_COMPILATION_CONDITIONS = DEBUG;
				SWIFT_OPTIMIZATION_LEVEL = "-Onone";
			};
			name = Debug;
		};
		FA0B20F62DDB6F2400CCB841 /* Release */ = {
			isa = XCBuildConfiguration;
			buildSettings = {
				ALWAYS_SEARCH_USER_PATHS = NO;
				CLANG_ANALYZER_NONNULL = YES;
				CLANG_ANALYZER_NUMBER_OBJECT_CONVERSION = YES_AGGRESSIVE;
				CLANG_CXX_LANGUAGE_STANDARD = "gnu++14";
				CLANG_CXX_LIBRARY = "libc++";
				CLANG_ENABLE_MODULES = YES;
				CLANG_ENABLE_OBJC_ARC = YES;
				CLANG_ENABLE_OBJC_WEAK = YES;
				CLANG_WARN_BLOCK_CAPTURE_AUTORELEASING = YES;
				CLANG_WARN_BOOL_CONVERSION = YES;
				CLANG_WARN_COMMA = YES;
				CLANG_WARN_CONSTANT_CONVERSION = YES;
				CLANG_WARN_DEPRECATED_OBJC_IMPLEMENTATIONS = YES;
				CLANG_WARN_DIRECT_OBJC_ISA_USAGE = YES_ERROR;
				CLANG_WARN_DOCUMENTATION_COMMENTS = YES;
				CLANG_WARN_EMPTY_BODY = YES;
				CLANG_WARN_ENUM_CONVERSION = YES;
				CLANG_WARN_INFINITE_RECURSION = YES;
				CLANG_WARN_INT_CONVERSION = YES;
				CLANG_WARN_NON_LITERAL_NULL_CONVERSION = YES;
				CLANG_WARN_OBJC_IMPLICIT_RETAIN_SELF = YES;
				CLANG_WARN_OBJC_LITERAL_CONVERSION = YES;
				CLANG_WARN_OBJC_ROOT_CLASS = YES_ERROR;
				CLANG_WARN_RANGE_LOOP_ANALYSIS = YES;
				CLANG_WARN_STRICT_PROTOTYPES = YES;
				CLANG_WARN_SUSPICIOUS_MOVE = YES;
				CLANG_WARN_UNGUARDED_AVAILABILITY = YES_AGGRESSIVE;
				CLANG_WARN_UNREACHABLE_CODE = YES;
				CLANG_WARN__DUPLICATE_METHOD_MATCH = YES;
				CODE_SIGN_IDENTITY = "iPhone Developer";
				COPY_PHASE_STRIP = NO;
				DEBUG_INFORMATION_FORMAT = "dwarf-with-dsym";
				ENABLE_NS_ASSERTIONS = NO;
				ENABLE_STRICT_OBJC_MSGSEND = YES;
				GCC_C_LANGUAGE_STANDARD = gnu11;
				GCC_NO_COMMON_BLOCKS = YES;
				GCC_WARN_64_TO_32_BIT_CONVERSION = YES;
				GCC_WARN_ABOUT_RETURN_TYPE = YES_ERROR;
				GCC_WARN_UNDECLARED_SELECTOR = YES;
				GCC_WARN_UNINITIALIZED_AUTOS = YES_AGGRESSIVE;
				GCC_WARN_UNUSED_FUNCTION = YES;
				GCC_WARN_UNUSED_VARIABLE = YES;
				IPHONEOS_DEPLOYMENT_TARGET = 11.4;
				MTL_ENABLE_DEBUG_INFO = NO;
				SDKROOT = iphoneos;
				SWIFT_COMPILATION_MODE = wholemodule;
				SWIFT_OPTIMIZATION_LEVEL = "-O";
				VALIDATE_PRODUCT = YES;
			};
			name = Release;
		};
		FA0B20F82DDB6F2400CCB841 /* Debug */ = {
			isa = XCBuildConfiguration;
			buildSettings = {
				ASSETCATALOG_COMPILER_APPICON_NAME = AppIcon;
				CODE_SIGN_STYLE = Automatic;
				DEVELOPMENT_TEAM = 68658CQW44;
				INFOPLIST_FILE = BelarusianWritersApp/Info.plist;
				LD_RUNPATH_SEARCH_PATHS = (
					"$(inherited)",
					"@executable_path/Frameworks",
				);
				PRODUCT_BUNDLE_IDENTIFIER = mb.BelarusianWritersApp;
				PRODUCT_NAME = "$(TARGET_NAME)";
				SWIFT_VERSION = 4.0;
				TARGETED_DEVICE_FAMILY = "1,2";
			};
			name = Debug;
		};
		FA0B20F92DDB6F2400CCB841 /* Release */ = {
			isa = XCBuildConfiguration;
			buildSettings = {
				ASSETCATALOG_COMPILER_APPICON_NAME = AppIcon;
				CODE_SIGN_STYLE = Automatic;
				DEVELOPMENT_TEAM = 68658CQW44;
				INFOPLIST_FILE = BelarusianWritersApp/Info.plist;
				LD_RUNPATH_SEARCH_PATHS = (
					"$(inherited)",
					"@executable_path/Frameworks",
				);
				PRODUCT_BUNDLE_IDENTIFIER = mb.BelarusianWritersApp;
				PRODUCT_NAME = "$(TARGET_NAME)";
				SWIFT_VERSION = 4.0;
				TARGETED_DEVICE_FAMILY = "1,2";
			};
			name = Release;
		};
/* End XCBuildConfiguration section */

/* Begin XCConfigurationList section */
		FA0B20E02DDB6F2300CCB841 /* Build configuration list for PBXProject "BelarusianWritersApp" */ = {
			isa = XCConfigurationList;
			buildConfigurations = (
				FA0B20F52DDB6F2400CCB841 /* Debug */,
				FA0B20F62DDB6F2400CCB841 /* Release */,
			);
			defaultConfigurationIsVisible = 0;
			defaultConfigurationName = Release;
		};
		FA0B20F72DDB6F2400CCB841 /* Build configuration list for PBXNativeTarget "BelarusianWritersApp" */ = {
			isa = XCConfigurationList;
			buildConfigurations = (
				FA0B20F82DDB6F2400CCB841 /* Debug */,
				FA0B20F92DDB6F2400CCB841 /* Release */,
			);
			defaultConfigurationIsVisible = 0;
			defaultConfigurationName = Release;
		};
/* End XCConfigurationList section */
	};
	rootObject = FA0B20DD2DDB6F2300CCB841 /* Project object */;
}
